
Microsoft Visual Studio Solution File, Format Version 12.00
# Visual Studio 15
VisualStudioVersion = 15.0.27428.1
MinimumVisualStudioVersion = 10.0.40219.1
Project("{FAE04EC0-301F-11D3-BF4B-00C04F79EFBC}") = "Ap1_Cel.Android", "Ap1_Cel\Ap1_Cel.Android\Ap1_Cel.Android.csproj", "{6C736B49-E607-4877-BE56-565EFB209932}"
EndProject
Project("{FAE04EC0-301F-11D3-BF4B-00C04F79EFBC}") = "Ap1_Cel.iOS", "Ap1_Cel\Ap1_Cel.iOS\Ap1_Cel.iOS.csproj", "{CE444573-9E31-400C-8243-0C824C458AAF}"
EndProject
Project("{FAE04EC0-301F-11D3-BF4B-00C04F79EFBC}") = "Ap1_Cel.UWP", "Ap1_Cel\Ap1_Cel.UWP\Ap1_Cel.UWP.csproj", "{14F3416F-DAD9-42ED-860B-195276C24E12}"
EndProject
Project("{FAE04EC0-301F-11D3-BF4B-00C04F79EFBC}") = "Ap1_Cel", "Ap1_Cel\Ap1_Cel\Ap1_Cel.csproj", "{08FE54C1-E602-497D-950D-4AE17326071E}"
EndProject
Global
	GlobalSection(SolutionConfigurationPlatforms) = preSolution
		Ad-Hoc|Any CPU = Ad-Hoc|Any CPU
		Ad-Hoc|ARM = Ad-Hoc|ARM
		Ad-Hoc|iPhone = Ad-Hoc|iPhone
		Ad-Hoc|iPhoneSimulator = Ad-Hoc|iPhoneSimulator
		Ad-Hoc|x64 = Ad-Hoc|x64
		Ad-Hoc|x86 = Ad-Hoc|x86
		AppStore|Any CPU = AppStore|Any CPU
		AppStore|ARM = AppStore|ARM
		AppStore|iPhone = AppStore|iPhone
		AppStore|iPhoneSimulator = AppStore|iPhoneSimulator
		AppStore|x64 = AppStore|x64
		AppStore|x86 = AppStore|x86
		Debug|Any CPU = Debug|Any CPU
		Debug|ARM = Debug|ARM
		Debug|iPhone = Debug|iPhone
		Debug|iPhoneSimulator = Debug|iPhoneSimulator
		Debug|x64 = Debug|x64
		Debug|x86 = Debug|x86
		Release|Any CPU = Release|Any CPU
		Release|ARM = Release|ARM
		Release|iPhone = Release|iPhone
		Release|iPhoneSimulator = Release|iPhoneSimulator
		Release|x64 = Release|x64
		Release|x86 = Release|x86
	EndGlobalSection
	GlobalSection(ProjectConfigurationPlatforms) = postSolution
		{6C736B49-E607-4877-BE56-565EFB209932}.Ad-Hoc|Any CPU.ActiveCfg = Release|Any CPU
		{6C736B49-E607-4877-BE56-565EFB209932}.Ad-Hoc|Any CPU.Build.0 = Release|Any CPU
		{6C736B49-E607-4877-BE56-565EFB209932}.Ad-Hoc|Any CPU.Deploy.0 = Release|Any CPU
		{6C736B49-E607-4877-BE56-565EFB209932}.Ad-Hoc|ARM.ActiveCfg = Release|Any CPU
		{6C736B49-E607-4877-BE56-565EFB209932}.Ad-Hoc|ARM.Build.0 = Release|Any CPU
		{6C736B49-E607-4877-BE56-565EFB209932}.Ad-Hoc|ARM.Deploy.0 = Release|Any CPU
		{6C736B49-E607-4877-BE56-565EFB209932}.Ad-Hoc|iPhone.ActiveCfg = Release|Any CPU
		{6C736B49-E607-4877-BE56-565EFB209932}.Ad-Hoc|iPhone.Build.0 = Release|Any CPU
		{6C736B49-E607-4877-BE56-565EFB209932}.Ad-Hoc|iPhone.Deploy.0 = Release|Any CPU
		{6C736B49-E607-4877-BE56-565EFB209932}.Ad-Hoc|iPhoneSimulator.ActiveCfg = Release|Any CPU
		{6C736B49-E607-4877-BE56-565EFB209932}.Ad-Hoc|iPhoneSimulator.Build.0 = Release|Any CPU
		{6C736B49-E607-4877-BE56-565EFB209932}.Ad-Hoc|iPhoneSimulator.Deploy.0 = Release|Any CPU
		{6C736B49-E607-4877-BE56-565EFB209932}.Ad-Hoc|x64.ActiveCfg = Release|Any CPU
		{6C736B49-E607-4877-BE56-565EFB209932}.Ad-Hoc|x64.Build.0 = Release|Any CPU
		{6C736B49-E607-4877-BE56-565EFB209932}.Ad-Hoc|x64.Deploy.0 = Release|Any CPU
		{6C736B49-E607-4877-BE56-565EFB209932}.Ad-Hoc|x86.ActiveCfg = Release|Any CPU
		{6C736B49-E607-4877-BE56-565EFB209932}.Ad-Hoc|x86.Build.0 = Release|Any CPU
		{6C736B49-E607-4877-BE56-565EFB209932}.Ad-Hoc|x86.Deploy.0 = Release|Any CPU
		{6C736B49-E607-4877-BE56-565EFB209932}.AppStore|Any CPU.ActiveCfg = Release|Any CPU
		{6C736B49-E607-4877-BE56-565EFB209932}.AppStore|Any CPU.Build.0 = Release|Any CPU
		{6C736B49-E607-4877-BE56-565EFB209932}.AppStore|Any CPU.Deploy.0 = Release|Any CPU
		{6C736B49-E607-4877-BE56-565EFB209932}.AppStore|ARM.ActiveCfg = Release|Any CPU
		{6C736B49-E607-4877-BE56-565EFB209932}.AppStore|ARM.Build.0 = Release|Any CPU
		{6C736B49-E607-4877-BE56-565EFB209932}.AppStore|ARM.Deploy.0 = Release|Any CPU
		{6C736B49-E607-4877-BE56-565EFB209932}.AppStore|iPhone.ActiveCfg = Release|Any CPU
		{6C736B49-E607-4877-BE56-565EFB209932}.AppStore|iPhone.Build.0 = Release|Any CPU
		{6C736B49-E607-4877-BE56-565EFB209932}.AppStore|iPhone.Deploy.0 = Release|Any CPU
		{6C736B49-E607-4877-BE56-565EFB209932}.AppStore|iPhoneSimulator.ActiveCfg = Release|Any CPU
		{6C736B49-E607-4877-BE56-565EFB209932}.AppStore|iPhoneSimulator.Build.0 = Release|Any CPU
		{6C736B49-E607-4877-BE56-565EFB209932}.AppStore|iPhoneSimulator.Deploy.0 = Release|Any CPU
		{6C736B49-E607-4877-BE56-565EFB209932}.AppStore|x64.ActiveCfg = Release|Any CPU
		{6C736B49-E607-4877-BE56-565EFB209932}.AppStore|x64.Build.0 = Release|Any CPU
		{6C736B49-E607-4877-BE56-565EFB209932}.AppStore|x64.Deploy.0 = Release|Any CPU
		{6C736B49-E607-4877-BE56-565EFB209932}.AppStore|x86.ActiveCfg = Release|Any CPU
		{6C736B49-E607-4877-BE56-565EFB209932}.AppStore|x86.Build.0 = Release|Any CPU
		{6C736B49-E607-4877-BE56-565EFB209932}.AppStore|x86.Deploy.0 = Release|Any CPU
		{6C736B49-E607-4877-BE56-565EFB209932}.Debug|Any CPU.ActiveCfg = Debug|Any CPU
		{6C736B49-E607-4877-BE56-565EFB209932}.Debug|Any CPU.Build.0 = Debug|Any CPU
		{6C736B49-E607-4877-BE56-565EFB209932}.Debug|Any CPU.Deploy.0 = Debug|Any CPU
		{6C736B49-E607-4877-BE56-565EFB209932}.Debug|ARM.ActiveCfg = Debug|Any CPU
		{6C736B49-E607-4877-BE56-565EFB209932}.Debug|ARM.Build.0 = Debug|Any CPU
		{6C736B49-E607-4877-BE56-565EFB209932}.Debug|ARM.Deploy.0 = Debug|Any CPU
		{6C736B49-E607-4877-BE56-565EFB209932}.Debug|iPhone.ActiveCfg = Debug|Any CPU
		{6C736B49-E607-4877-BE56-565EFB209932}.Debug|iPhone.Build.0 = Debug|Any CPU
		{6C736B49-E607-4877-BE56-565EFB209932}.Debug|iPhone.Deploy.0 = Debug|Any CPU
		{6C736B49-E607-4877-BE56-565EFB209932}.Debug|iPhoneSimulator.ActiveCfg = Debug|Any CPU
		{6C736B49-E607-4877-BE56-565EFB209932}.Debug|iPhoneSimulator.Build.0 = Debug|Any CPU
		{6C736B49-E607-4877-BE56-565EFB209932}.Debug|iPhoneSimulator.Deploy.0 = Debug|Any CPU
		{6C736B49-E607-4877-BE56-565EFB209932}.Debug|x64.ActiveCfg = Debug|Any CPU
		{6C736B49-E607-4877-BE56-565EFB209932}.Debug|x64.Build.0 = Debug|Any CPU
		{6C736B49-E607-4877-BE56-565EFB209932}.Debug|x64.Deploy.0 = Debug|Any CPU
		{6C736B49-E607-4877-BE56-565EFB209932}.Debug|x86.ActiveCfg = Debug|Any CPU
		{6C736B49-E607-4877-BE56-565EFB209932}.Debug|x86.Build.0 = Debug|Any CPU
		{6C736B49-E607-4877-BE56-565EFB209932}.Debug|x86.Deploy.0 = Debug|Any CPU
		{6C736B49-E607-4877-BE56-565EFB209932}.Release|Any CPU.ActiveCfg = Release|Any CPU
		{6C736B49-E607-4877-BE56-565EFB209932}.Release|Any CPU.Build.0 = Release|Any CPU
		{6C736B49-E607-4877-BE56-565EFB209932}.Release|Any CPU.Deploy.0 = Release|Any CPU
		{6C736B49-E607-4877-BE56-565EFB209932}.Release|ARM.ActiveCfg = Release|Any CPU
		{6C736B49-E607-4877-BE56-565EFB209932}.Release|ARM.Build.0 = Release|Any CPU
		{6C736B49-E607-4877-BE56-565EFB209932}.Release|ARM.Deploy.0 = Release|Any CPU
		{6C736B49-E607-4877-BE56-565EFB209932}.Release|iPhone.ActiveCfg = Release|Any CPU
		{6C736B49-E607-4877-BE56-565EFB209932}.Release|iPhone.Build.0 = Release|Any CPU
		{6C736B49-E607-4877-BE56-565EFB209932}.Release|iPhone.Deploy.0 = Release|Any CPU
		{6C736B49-E607-4877-BE56-565EFB209932}.Release|iPhoneSimulator.ActiveCfg = Release|Any CPU
		{6C736B49-E607-4877-BE56-565EFB209932}.Release|iPhoneSimulator.Build.0 = Release|Any CPU
		{6C736B49-E607-4877-BE56-565EFB209932}.Release|iPhoneSimulator.Deploy.0 = Release|Any CPU
		{6C736B49-E607-4877-BE56-565EFB209932}.Release|x64.ActiveCfg = Release|Any CPU
		{6C736B49-E607-4877-BE56-565EFB209932}.Release|x64.Build.0 = Release|Any CPU
		{6C736B49-E607-4877-BE56-565EFB209932}.Release|x64.Deploy.0 = Release|Any CPU
		{6C736B49-E607-4877-BE56-565EFB209932}.Release|x86.ActiveCfg = Release|Any CPU
		{6C736B49-E607-4877-BE56-565EFB209932}.Release|x86.Build.0 = Release|Any CPU
		{6C736B49-E607-4877-BE56-565EFB209932}.Release|x86.Deploy.0 = Release|Any CPU
		{CE444573-9E31-400C-8243-0C824C458AAF}.Ad-Hoc|Any CPU.ActiveCfg = Ad-Hoc|iPhone
		{CE444573-9E31-400C-8243-0C824C458AAF}.Ad-Hoc|ARM.ActiveCfg = Ad-Hoc|iPhone
		{CE444573-9E31-400C-8243-0C824C458AAF}.Ad-Hoc|iPhone.ActiveCfg = Ad-Hoc|iPhone
		{CE444573-9E31-400C-8243-0C824C458AAF}.Ad-Hoc|iPhone.Build.0 = Ad-Hoc|iPhone
		{CE444573-9E31-400C-8243-0C824C458AAF}.Ad-Hoc|iPhoneSimulator.ActiveCfg = Ad-Hoc|iPhoneSimulator
		{CE444573-9E31-400C-8243-0C824C458AAF}.Ad-Hoc|iPhoneSimulator.Build.0 = Ad-Hoc|iPhoneSimulator
		{CE444573-9E31-400C-8243-0C824C458AAF}.Ad-Hoc|x64.ActiveCfg = Ad-Hoc|iPhone
		{CE444573-9E31-400C-8243-0C824C458AAF}.Ad-Hoc|x86.ActiveCfg = Ad-Hoc|iPhone
		{CE444573-9E31-400C-8243-0C824C458AAF}.AppStore|Any CPU.ActiveCfg = AppStore|iPhone
		{CE444573-9E31-400C-8243-0C824C458AAF}.AppStore|ARM.ActiveCfg = AppStore|iPhone
		{CE444573-9E31-400C-8243-0C824C458AAF}.AppStore|iPhone.ActiveCfg = AppStore|iPhone
		{CE444573-9E31-400C-8243-0C824C458AAF}.AppStore|iPhone.Build.0 = AppStore|iPhone
		{CE444573-9E31-400C-8243-0C824C458AAF}.AppStore|iPhoneSimulator.ActiveCfg = AppStore|iPhoneSimulator
		{CE444573-9E31-400C-8243-0C824C458AAF}.AppStore|iPhoneSimulator.Build.0 = AppStore|iPhoneSimulator
		{CE444573-9E31-400C-8243-0C824C458AAF}.AppStore|x64.ActiveCfg = AppStore|iPhone
		{CE444573-9E31-400C-8243-0C824C458AAF}.AppStore|x86.ActiveCfg = AppStore|iPhone
		{CE444573-9E31-400C-8243-0C824C458AAF}.Debug|Any CPU.ActiveCfg = Debug|iPhone
		{CE444573-9E31-400C-8243-0C824C458AAF}.Debug|ARM.ActiveCfg = Debug|iPhone
		{CE444573-9E31-400C-8243-0C824C458AAF}.Debug|iPhone.ActiveCfg = Debug|iPhone
		{CE444573-9E31-400C-8243-0C824C458AAF}.Debug|iPhone.Build.0 = Debug|iPhone
		{CE444573-9E31-400C-8243-0C824C458AAF}.Debug|iPhoneSimulator.ActiveCfg = Debug|iPhoneSimulator
		{CE444573-9E31-400C-8243-0C824C458AAF}.Debug|iPhoneSimulator.Build.0 = Debug|iPhoneSimulator
		{CE444573-9E31-400C-8243-0C824C458AAF}.Debug|x64.ActiveCfg = Debug|iPhone
		{CE444573-9E31-400C-8243-0C824C458AAF}.Debug|x86.ActiveCfg = Debug|iPhone
		{CE444573-9E31-400C-8243-0C824C458AAF}.Release|Any CPU.ActiveCfg = Release|iPhone
		{CE444573-9E31-400C-8243-0C824C458AAF}.Release|ARM.ActiveCfg = Release|iPhone
		{CE444573-9E31-400C-8243-0C824C458AAF}.Release|iPhone.ActiveCfg = Release|iPhone
		{CE444573-9E31-400C-8243-0C824C458AAF}.Release|iPhone.Build.0 = Release|iPhone
		{CE444573-9E31-400C-8243-0C824C458AAF}.Release|iPhoneSimulator.ActiveCfg = Release|iPhoneSimulator
		{CE444573-9E31-400C-8243-0C824C458AAF}.Release|iPhoneSimulator.Build.0 = Release|iPhoneSimulator
		{CE444573-9E31-400C-8243-0C824C458AAF}.Release|x64.ActiveCfg = Release|iPhone
		{CE444573-9E31-400C-8243-0C824C458AAF}.Release|x86.ActiveCfg = Release|iPhone
		{14F3416F-DAD9-42ED-860B-195276C24E12}.Ad-Hoc|Any CPU.ActiveCfg = Release|x86
		{14F3416F-DAD9-42ED-860B-195276C24E12}.Ad-Hoc|Any CPU.Build.0 = Release|x86
		{14F3416F-DAD9-42ED-860B-195276C24E12}.Ad-Hoc|Any CPU.Deploy.0 = Release|x86
		{14F3416F-DAD9-42ED-860B-195276C24E12}.Ad-Hoc|ARM.ActiveCfg = Release|ARM
		{14F3416F-DAD9-42ED-860B-195276C24E12}.Ad-Hoc|ARM.Build.0 = Release|ARM
		{14F3416F-DAD9-42ED-860B-195276C24E12}.Ad-Hoc|ARM.Deploy.0 = Release|ARM
		{14F3416F-DAD9-42ED-860B-195276C24E12}.Ad-Hoc|iPhone.ActiveCfg = Release|x86
		{14F3416F-DAD9-42ED-860B-195276C24E12}.Ad-Hoc|iPhone.Build.0 = Release|x86
		{14F3416F-DAD9-42ED-860B-195276C24E12}.Ad-Hoc|iPhone.Deploy.0 = Release|x86
		{14F3416F-DAD9-42ED-860B-195276C24E12}.Ad-Hoc|iPhoneSimulator.ActiveCfg = Release|x86
		{14F3416F-DAD9-42ED-860B-195276C24E12}.Ad-Hoc|iPhoneSimulator.Build.0 = Release|x86
		{14F3416F-DAD9-42ED-860B-195276C24E12}.Ad-Hoc|iPhoneSimulator.Deploy.0 = Release|x86
		{14F3416F-DAD9-42ED-860B-195276C24E12}.Ad-Hoc|x64.ActiveCfg = Release|x64
		{14F3416F-DAD9-42ED-860B-195276C24E12}.Ad-Hoc|x64.Build.0 = Release|x64
		{14F3416F-DAD9-42ED-860B-195276C24E12}.Ad-Hoc|x64.Deploy.0 = Release|x64
		{14F3416F-DAD9-42ED-860B-195276C24E12}.Ad-Hoc|x86.ActiveCfg = Release|x86
		{14F3416F-DAD9-42ED-860B-195276C24E12}.Ad-Hoc|x86.Build.0 = Release|x86
		{14F3416F-DAD9-42ED-860B-195276C24E12}.Ad-Hoc|x86.Deploy.0 = Release|x86
		{14F3416F-DAD9-42ED-860B-195276C24E12}.AppStore|Any CPU.ActiveCfg = Release|x86
		{14F3416F-DAD9-42ED-860B-195276C24E12}.AppStore|Any CPU.Build.0 = Release|x86
		{14F3416F-DAD9-42ED-860B-195276C24E12}.AppStore|Any CPU.Deploy.0 = Release|x86
		{14F3416F-DAD9-42ED-860B-195276C24E12}.AppStore|ARM.ActiveCfg = Release|ARM
		{14F3416F-DAD9-42ED-860B-195276C24E12}.AppStore|ARM.Build.0 = Release|ARM
		{14F3416F-DAD9-42ED-860B-195276C24E12}.AppStore|ARM.Deploy.0 = Release|ARM
		{14F3416F-DAD9-42ED-860B-195276C24E12}.AppStore|iPhone.ActiveCfg = Release|x86
		{14F3416F-DAD9-42ED-860B-195276C24E12}.AppStore|iPhone.Build.0 = Release|x86
		{14F3416F-DAD9-42ED-860B-195276C24E12}.AppStore|iPhone.Deploy.0 = Release|x86
		{14F3416F-DAD9-42ED-860B-195276C24E12}.AppStore|iPhoneSimulator.ActiveCfg = Release|x86
		{14F3416F-DAD9-42ED-860B-195276C24E12}.AppStore|iPhoneSimulator.Build.0 = Release|x86
		{14F3416F-DAD9-42ED-860B-195276C24E12}.AppStore|iPhoneSimulator.Deploy.0 = Release|x86
		{14F3416F-DAD9-42ED-860B-195276C24E12}.AppStore|x64.ActiveCfg = Release|x64
		{14F3416F-DAD9-42ED-860B-195276C24E12}.AppStore|x64.Build.0 = Release|x64
		{14F3416F-DAD9-42ED-860B-195276C24E12}.AppStore|x64.Deploy.0 = Release|x64
		{14F3416F-DAD9-42ED-860B-195276C24E12}.AppStore|x86.ActiveCfg = Release|x86
		{14F3416F-DAD9-42ED-860B-195276C24E12}.AppStore|x86.Build.0 = Release|x86
		{14F3416F-DAD9-42ED-860B-195276C24E12}.AppStore|x86.Deploy.0 = Release|x86
		{14F3416F-DAD9-42ED-860B-195276C24E12}.Debug|Any CPU.ActiveCfg = Debug|x86
		{14F3416F-DAD9-42ED-860B-195276C24E12}.Debug|ARM.ActiveCfg = Debug|ARM
		{14F3416F-DAD9-42ED-860B-195276C24E12}.Debug|ARM.Build.0 = Debug|ARM
		{14F3416F-DAD9-42ED-860B-195276C24E12}.Debug|ARM.Deploy.0 = Debug|ARM
		{14F3416F-DAD9-42ED-860B-195276C24E12}.Debug|iPhone.ActiveCfg = Debug|x86
		{14F3416F-DAD9-42ED-860B-195276C24E12}.Debug|iPhoneSimulator.ActiveCfg = Debug|x86
		{14F3416F-DAD9-42ED-860B-195276C24E12}.Debug|x64.ActiveCfg = Debug|x64
		{14F3416F-DAD9-42ED-860B-195276C24E12}.Debug|x64.Build.0 = Debug|x64
		{14F3416F-DAD9-42ED-860B-195276C24E12}.Debug|x64.Deploy.0 = Debug|x64
		{14F3416F-DAD9-42ED-860B-195276C24E12}.Debug|x86.ActiveCfg = Debug|x86
		{14F3416F-DAD9-42ED-860B-195276C24E12}.Debug|x86.Build.0 = Debug|x86
		{14F3416F-DAD9-42ED-860B-195276C24E12}.Debug|x86.Deploy.0 = Debug|x86
		{14F3416F-DAD9-42ED-860B-195276C24E12}.Release|Any CPU.ActiveCfg = Release|x86
		{14F3416F-DAD9-42ED-860B-195276C24E12}.Release|ARM.ActiveCfg = Release|ARM
		{14F3416F-DAD9-42ED-860B-195276C24E12}.Release|ARM.Build.0 = Release|ARM
		{14F3416F-DAD9-42ED-860B-195276C24E12}.Release|ARM.Deploy.0 = Release|ARM
		{14F3416F-DAD9-42ED-860B-195276C24E12}.Release|iPhone.ActiveCfg = Release|x86
		{14F3416F-DAD9-42ED-860B-195276C24E12}.Release|iPhoneSimulator.ActiveCfg = Release|x86
		{14F3416F-DAD9-42ED-860B-195276C24E12}.Release|x64.ActiveCfg = Release|x64
		{14F3416F-DAD9-42ED-860B-195276C24E12}.Release|x64.Build.0 = Release|x64
		{14F3416F-DAD9-42ED-860B-195276C24E12}.Release|x64.Deploy.0 = Release|x64
		{14F3416F-DAD9-42ED-860B-195276C24E12}.Release|x86.ActiveCfg = Release|x86
		{14F3416F-DAD9-42ED-860B-195276C24E12}.Release|x86.Build.0 = Release|x86
		{14F3416F-DAD9-42ED-860B-195276C24E12}.Release|x86.Deploy.0 = Release|x86
		{08FE54C1-E602-497D-950D-4AE17326071E}.Ad-Hoc|Any CPU.ActiveCfg = Debug|Any CPU
		{08FE54C1-E602-497D-950D-4AE17326071E}.Ad-Hoc|Any CPU.Build.0 = Debug|Any CPU
		{08FE54C1-E602-497D-950D-4AE17326071E}.Ad-Hoc|ARM.ActiveCfg = Debug|Any CPU
		{08FE54C1-E602-497D-950D-4AE17326071E}.Ad-Hoc|ARM.Build.0 = Debug|Any CPU
		{08FE54C1-E602-497D-950D-4AE17326071E}.Ad-Hoc|iPhone.ActiveCfg = Debug|Any CPU
		{08FE54C1-E602-497D-950D-4AE17326071E}.Ad-Hoc|iPhone.Build.0 = Debug|Any CPU
		{08FE54C1-E602-497D-950D-4AE17326071E}.Ad-Hoc|iPhoneSimulator.ActiveCfg = Debug|Any CPU
		{08FE54C1-E602-497D-950D-4AE17326071E}.Ad-Hoc|iPhoneSimulator.Build.0 = Debug|Any CPU
		{08FE54C1-E602-497D-950D-4AE17326071E}.Ad-Hoc|x64.ActiveCfg = Debug|Any CPU
		{08FE54C1-E602-497D-950D-4AE17326071E}.Ad-Hoc|x64.Build.0 = Debug|Any CPU
		{08FE54C1-E602-497D-950D-4AE17326071E}.Ad-Hoc|x86.ActiveCfg = Debug|Any CPU
		{08FE54C1-E602-497D-950D-4AE17326071E}.Ad-Hoc|x86.Build.0 = Debug|Any CPU
		{08FE54C1-E602-497D-950D-4AE17326071E}.AppStore|Any CPU.ActiveCfg = Debug|Any CPU
		{08FE54C1-E602-497D-950D-4AE17326071E}.AppStore|Any CPU.Build.0 = Debug|Any CPU
		{08FE54C1-E602-497D-950D-4AE17326071E}.AppStore|ARM.ActiveCfg = Debug|Any CPU
		{08FE54C1-E602-497D-950D-4AE17326071E}.AppStore|ARM.Build.0 = Debug|Any CPU
		{08FE54C1-E602-497D-950D-4AE17326071E}.AppStore|iPhone.ActiveCfg = Debug|Any CPU
		{08FE54C1-E602-497D-950D-4AE17326071E}.AppStore|iPhone.Build.0 = Debug|Any CPU
		{08FE54C1-E602-497D-950D-4AE17326071E}.AppStore|iPhoneSimulator.ActiveCfg = Debug|Any CPU
		{08FE54C1-E602-497D-950D-4AE17326071E}.AppStore|iPhoneSimulator.Build.0 = Debug|Any CPU
		{08FE54C1-E602-497D-950D-4AE17326071E}.AppStore|x64.ActiveCfg = Debug|Any CPU
		{08FE54C1-E602-497D-950D-4AE17326071E}.AppStore|x64.Build.0 = Debug|Any CPU
		{08FE54C1-E602-497D-950D-4AE17326071E}.AppStore|x86.ActiveCfg = Debug|Any CPU
		{08FE54C1-E602-497D-950D-4AE17326071E}.AppStore|x86.Build.0 = Debug|Any CPU
		{08FE54C1-E602-497D-950D-4AE17326071E}.Debug|Any CPU.ActiveCfg = Debug|Any CPU
		{08FE54C1-E602-497D-950D-4AE17326071E}.Debug|Any CPU.Build.0 = Debug|Any CPU
		{08FE54C1-E602-497D-950D-4AE17326071E}.Debug|ARM.ActiveCfg = Debug|Any CPU
		{08FE54C1-E602-497D-950D-4AE17326071E}.Debug|ARM.Build.0 = Debug|Any CPU
		{08FE54C1-E602-497D-950D-4AE17326071E}.Debug|iPhone.ActiveCfg = Debug|Any CPU
		{08FE54C1-E602-497D-950D-4AE17326071E}.Debug|iPhone.Build.0 = Debug|Any CPU
		{08FE54C1-E602-497D-950D-4AE17326071E}.Debug|iPhoneSimulator.ActiveCfg = Debug|Any CPU
		{08FE54C1-E602-497D-950D-4AE17326071E}.Debug|iPhoneSimulator.Build.0 = Debug|Any CPU
		{08FE54C1-E602-497D-950D-4AE17326071E}.Debug|x64.ActiveCfg = Debug|Any CPU
		{08FE54C1-E602-497D-950D-4AE17326071E}.Debug|x64.Build.0 = Debug|Any CPU
		{08FE54C1-E602-497D-950D-4AE17326071E}.Debug|x86.ActiveCfg = Debug|Any CPU
		{08FE54C1-E602-497D-950D-4AE17326071E}.Debug|x86.Build.0 = Debug|Any CPU
		{08FE54C1-E602-497D-950D-4AE17326071E}.Release|Any CPU.ActiveCfg = Release|Any CPU
		{08FE54C1-E602-497D-950D-4AE17326071E}.Release|Any CPU.Build.0 = Release|Any CPU
		{08FE54C1-E602-497D-950D-4AE17326071E}.Release|ARM.ActiveCfg = Release|Any CPU
		{08FE54C1-E602-497D-950D-4AE17326071E}.Release|ARM.Build.0 = Release|Any CPU
		{08FE54C1-E602-497D-950D-4AE17326071E}.Release|iPhone.ActiveCfg = Release|Any CPU
		{08FE54C1-E602-497D-950D-4AE17326071E}.Release|iPhone.Build.0 = Release|Any CPU
		{08FE54C1-E602-497D-950D-4AE17326071E}.Release|iPhoneSimulator.ActiveCfg = Release|Any CPU
		{08FE54C1-E602-497D-950D-4AE17326071E}.Release|iPhoneSimulator.Build.0 = Release|Any CPU
		{08FE54C1-E602-497D-950D-4AE17326071E}.Release|x64.ActiveCfg = Release|Any CPU
		{08FE54C1-E602-497D-950D-4AE17326071E}.Release|x64.Build.0 = Release|Any CPU
		{08FE54C1-E602-497D-950D-4AE17326071E}.Release|x86.ActiveCfg = Release|Any CPU
		{08FE54C1-E602-497D-950D-4AE17326071E}.Release|x86.Build.0 = Release|Any CPU
	EndGlobalSection
	GlobalSection(SolutionProperties) = preSolution
		HideSolutionNode = FALSE
	EndGlobalSection
	GlobalSection(ExtensibilityGlobals) = postSolution
		SolutionGuid = {710D5165-AD07-4B1E-8070-F1C5C554112C}
	EndGlobalSection
EndGlobal
