
Microsoft Visual Studio Solution File, Format Version 12.00
# Visual Studio 15
VisualStudioVersion = 15.0.27428.1
MinimumVisualStudioVersion = 10.0.40219.1
Project("{FAE04EC0-301F-11D3-BF4B-00C04F79EFBC}") = "App01_consultarCEP.Android", "App01_consultarCEP\App01_consultarCEP.Android\App01_consultarCEP.Android.csproj", "{D2DC5250-D706-4978-BE6B-65139B58AC12}"
EndProject
Project("{FAE04EC0-301F-11D3-BF4B-00C04F79EFBC}") = "App01_consultarCEP.iOS", "App01_consultarCEP\App01_consultarCEP.iOS\App01_consultarCEP.iOS.csproj", "{9352DC9E-10BE-4155-8625-2CF4D6C0F707}"
EndProject
Project("{FAE04EC0-301F-11D3-BF4B-00C04F79EFBC}") = "App01_consultarCEP.UWP", "App01_consultarCEP\App01_consultarCEP.UWP\App01_consultarCEP.UWP.csproj", "{6A936A27-C834-44EB-A667-43A320198620}"
EndProject
Project("{FAE04EC0-301F-11D3-BF4B-00C04F79EFBC}") = "App01_consultarCEP", "App01_consultarCEP\App01_consultarCEP\App01_consultarCEP.csproj", "{3E8ED27A-DD6A-4C72-A721-09D2F67FBB8F}"
EndProject
Global
	GlobalSection(SolutionConfigurationPlatforms) = preSolution
		Ad-Hoc|Any CPU = Ad-Hoc|Any CPU
		Ad-Hoc|ARM = Ad-Hoc|ARM
		Ad-Hoc|iPhone = Ad-Hoc|iPhone
		Ad-Hoc|iPhoneSimulator = Ad-Hoc|iPhoneSimulator
		Ad-Hoc|x64 = Ad-Hoc|x64
		Ad-Hoc|x86 = Ad-Hoc|x86
		AppStore|Any CPU = AppStore|Any CPU
		AppStore|ARM = AppStore|ARM
		AppStore|iPhone = AppStore|iPhone
		AppStore|iPhoneSimulator = AppStore|iPhoneSimulator
		AppStore|x64 = AppStore|x64
		AppStore|x86 = AppStore|x86
		Debug|Any CPU = Debug|Any CPU
		Debug|ARM = Debug|ARM
		Debug|iPhone = Debug|iPhone
		Debug|iPhoneSimulator = Debug|iPhoneSimulator
		Debug|x64 = Debug|x64
		Debug|x86 = Debug|x86
		Release|Any CPU = Release|Any CPU
		Release|ARM = Release|ARM
		Release|iPhone = Release|iPhone
		Release|iPhoneSimulator = Release|iPhoneSimulator
		Release|x64 = Release|x64
		Release|x86 = Release|x86
	EndGlobalSection
	GlobalSection(ProjectConfigurationPlatforms) = postSolution
		{D2DC5250-D706-4978-BE6B-65139B58AC12}.Ad-Hoc|Any CPU.ActiveCfg = Release|Any CPU
		{D2DC5250-D706-4978-BE6B-65139B58AC12}.Ad-Hoc|Any CPU.Build.0 = Release|Any CPU
		{D2DC5250-D706-4978-BE6B-65139B58AC12}.Ad-Hoc|Any CPU.Deploy.0 = Release|Any CPU
		{D2DC5250-D706-4978-BE6B-65139B58AC12}.Ad-Hoc|ARM.ActiveCfg = Release|Any CPU
		{D2DC5250-D706-4978-BE6B-65139B58AC12}.Ad-Hoc|ARM.Build.0 = Release|Any CPU
		{D2DC5250-D706-4978-BE6B-65139B58AC12}.Ad-Hoc|ARM.Deploy.0 = Release|Any CPU
		{D2DC5250-D706-4978-BE6B-65139B58AC12}.Ad-Hoc|iPhone.ActiveCfg = Release|Any CPU
		{D2DC5250-D706-4978-BE6B-65139B58AC12}.Ad-Hoc|iPhone.Build.0 = Release|Any CPU
		{D2DC5250-D706-4978-BE6B-65139B58AC12}.Ad-Hoc|iPhone.Deploy.0 = Release|Any CPU
		{D2DC5250-D706-4978-BE6B-65139B58AC12}.Ad-Hoc|iPhoneSimulator.ActiveCfg = Release|Any CPU
		{D2DC5250-D706-4978-BE6B-65139B58AC12}.Ad-Hoc|iPhoneSimulator.Build.0 = Release|Any CPU
		{D2DC5250-D706-4978-BE6B-65139B58AC12}.Ad-Hoc|iPhoneSimulator.Deploy.0 = Release|Any CPU
		{D2DC5250-D706-4978-BE6B-65139B58AC12}.Ad-Hoc|x64.ActiveCfg = Release|Any CPU
		{D2DC5250-D706-4978-BE6B-65139B58AC12}.Ad-Hoc|x64.Build.0 = Release|Any CPU
		{D2DC5250-D706-4978-BE6B-65139B58AC12}.Ad-Hoc|x64.Deploy.0 = Release|Any CPU
		{D2DC5250-D706-4978-BE6B-65139B58AC12}.Ad-Hoc|x86.ActiveCfg = Release|Any CPU
		{D2DC5250-D706-4978-BE6B-65139B58AC12}.Ad-Hoc|x86.Build.0 = Release|Any CPU
		{D2DC5250-D706-4978-BE6B-65139B58AC12}.Ad-Hoc|x86.Deploy.0 = Release|Any CPU
		{D2DC5250-D706-4978-BE6B-65139B58AC12}.AppStore|Any CPU.ActiveCfg = Release|Any CPU
		{D2DC5250-D706-4978-BE6B-65139B58AC12}.AppStore|Any CPU.Build.0 = Release|Any CPU
		{D2DC5250-D706-4978-BE6B-65139B58AC12}.AppStore|Any CPU.Deploy.0 = Release|Any CPU
		{D2DC5250-D706-4978-BE6B-65139B58AC12}.AppStore|ARM.ActiveCfg = Release|Any CPU
		{D2DC5250-D706-4978-BE6B-65139B58AC12}.AppStore|ARM.Build.0 = Release|Any CPU
		{D2DC5250-D706-4978-BE6B-65139B58AC12}.AppStore|ARM.Deploy.0 = Release|Any CPU
		{D2DC5250-D706-4978-BE6B-65139B58AC12}.AppStore|iPhone.ActiveCfg = Release|Any CPU
		{D2DC5250-D706-4978-BE6B-65139B58AC12}.AppStore|iPhone.Build.0 = Release|Any CPU
		{D2DC5250-D706-4978-BE6B-65139B58AC12}.AppStore|iPhone.Deploy.0 = Release|Any CPU
		{D2DC5250-D706-4978-BE6B-65139B58AC12}.AppStore|iPhoneSimulator.ActiveCfg = Release|Any CPU
		{D2DC5250-D706-4978-BE6B-65139B58AC12}.AppStore|iPhoneSimulator.Build.0 = Release|Any CPU
		{D2DC5250-D706-4978-BE6B-65139B58AC12}.AppStore|iPhoneSimulator.Deploy.0 = Release|Any CPU
		{D2DC5250-D706-4978-BE6B-65139B58AC12}.AppStore|x64.ActiveCfg = Release|Any CPU
		{D2DC5250-D706-4978-BE6B-65139B58AC12}.AppStore|x64.Build.0 = Release|Any CPU
		{D2DC5250-D706-4978-BE6B-65139B58AC12}.AppStore|x64.Deploy.0 = Release|Any CPU
		{D2DC5250-D706-4978-BE6B-65139B58AC12}.AppStore|x86.ActiveCfg = Release|Any CPU
		{D2DC5250-D706-4978-BE6B-65139B58AC12}.AppStore|x86.Build.0 = Release|Any CPU
		{D2DC5250-D706-4978-BE6B-65139B58AC12}.AppStore|x86.Deploy.0 = Release|Any CPU
		{D2DC5250-D706-4978-BE6B-65139B58AC12}.Debug|Any CPU.ActiveCfg = Debug|Any CPU
		{D2DC5250-D706-4978-BE6B-65139B58AC12}.Debug|Any CPU.Build.0 = Debug|Any CPU
		{D2DC5250-D706-4978-BE6B-65139B58AC12}.Debug|Any CPU.Deploy.0 = Debug|Any CPU
		{D2DC5250-D706-4978-BE6B-65139B58AC12}.Debug|ARM.ActiveCfg = Debug|Any CPU
		{D2DC5250-D706-4978-BE6B-65139B58AC12}.Debug|ARM.Build.0 = Debug|Any CPU
		{D2DC5250-D706-4978-BE6B-65139B58AC12}.Debug|ARM.Deploy.0 = Debug|Any CPU
		{D2DC5250-D706-4978-BE6B-65139B58AC12}.Debug|iPhone.ActiveCfg = Debug|Any CPU
		{D2DC5250-D706-4978-BE6B-65139B58AC12}.Debug|iPhone.Build.0 = Debug|Any CPU
		{D2DC5250-D706-4978-BE6B-65139B58AC12}.Debug|iPhone.Deploy.0 = Debug|Any CPU
		{D2DC5250-D706-4978-BE6B-65139B58AC12}.Debug|iPhoneSimulator.ActiveCfg = Debug|Any CPU
		{D2DC5250-D706-4978-BE6B-65139B58AC12}.Debug|iPhoneSimulator.Build.0 = Debug|Any CPU
		{D2DC5250-D706-4978-BE6B-65139B58AC12}.Debug|iPhoneSimulator.Deploy.0 = Debug|Any CPU
		{D2DC5250-D706-4978-BE6B-65139B58AC12}.Debug|x64.ActiveCfg = Debug|Any CPU
		{D2DC5250-D706-4978-BE6B-65139B58AC12}.Debug|x64.Build.0 = Debug|Any CPU
		{D2DC5250-D706-4978-BE6B-65139B58AC12}.Debug|x64.Deploy.0 = Debug|Any CPU
		{D2DC5250-D706-4978-BE6B-65139B58AC12}.Debug|x86.ActiveCfg = Debug|Any CPU
		{D2DC5250-D706-4978-BE6B-65139B58AC12}.Debug|x86.Build.0 = Debug|Any CPU
		{D2DC5250-D706-4978-BE6B-65139B58AC12}.Debug|x86.Deploy.0 = Debug|Any CPU
		{D2DC5250-D706-4978-BE6B-65139B58AC12}.Release|Any CPU.ActiveCfg = Release|Any CPU
		{D2DC5250-D706-4978-BE6B-65139B58AC12}.Release|Any CPU.Build.0 = Release|Any CPU
		{D2DC5250-D706-4978-BE6B-65139B58AC12}.Release|Any CPU.Deploy.0 = Release|Any CPU
		{D2DC5250-D706-4978-BE6B-65139B58AC12}.Release|ARM.ActiveCfg = Release|Any CPU
		{D2DC5250-D706-4978-BE6B-65139B58AC12}.Release|ARM.Build.0 = Release|Any CPU
		{D2DC5250-D706-4978-BE6B-65139B58AC12}.Release|ARM.Deploy.0 = Release|Any CPU
		{D2DC5250-D706-4978-BE6B-65139B58AC12}.Release|iPhone.ActiveCfg = Release|Any CPU
		{D2DC5250-D706-4978-BE6B-65139B58AC12}.Release|iPhone.Build.0 = Release|Any CPU
		{D2DC5250-D706-4978-BE6B-65139B58AC12}.Release|iPhone.Deploy.0 = Release|Any CPU
		{D2DC5250-D706-4978-BE6B-65139B58AC12}.Release|iPhoneSimulator.ActiveCfg = Release|Any CPU
		{D2DC5250-D706-4978-BE6B-65139B58AC12}.Release|iPhoneSimulator.Build.0 = Release|Any CPU
		{D2DC5250-D706-4978-BE6B-65139B58AC12}.Release|iPhoneSimulator.Deploy.0 = Release|Any CPU
		{D2DC5250-D706-4978-BE6B-65139B58AC12}.Release|x64.ActiveCfg = Release|Any CPU
		{D2DC5250-D706-4978-BE6B-65139B58AC12}.Release|x64.Build.0 = Release|Any CPU
		{D2DC5250-D706-4978-BE6B-65139B58AC12}.Release|x64.Deploy.0 = Release|Any CPU
		{D2DC5250-D706-4978-BE6B-65139B58AC12}.Release|x86.ActiveCfg = Release|Any CPU
		{D2DC5250-D706-4978-BE6B-65139B58AC12}.Release|x86.Build.0 = Release|Any CPU
		{D2DC5250-D706-4978-BE6B-65139B58AC12}.Release|x86.Deploy.0 = Release|Any CPU
		{9352DC9E-10BE-4155-8625-2CF4D6C0F707}.Ad-Hoc|Any CPU.ActiveCfg = Ad-Hoc|iPhone
		{9352DC9E-10BE-4155-8625-2CF4D6C0F707}.Ad-Hoc|ARM.ActiveCfg = Ad-Hoc|iPhone
		{9352DC9E-10BE-4155-8625-2CF4D6C0F707}.Ad-Hoc|iPhone.ActiveCfg = Ad-Hoc|iPhone
		{9352DC9E-10BE-4155-8625-2CF4D6C0F707}.Ad-Hoc|iPhone.Build.0 = Ad-Hoc|iPhone
		{9352DC9E-10BE-4155-8625-2CF4D6C0F707}.Ad-Hoc|iPhoneSimulator.ActiveCfg = Ad-Hoc|iPhoneSimulator
		{9352DC9E-10BE-4155-8625-2CF4D6C0F707}.Ad-Hoc|iPhoneSimulator.Build.0 = Ad-Hoc|iPhoneSimulator
		{9352DC9E-10BE-4155-8625-2CF4D6C0F707}.Ad-Hoc|x64.ActiveCfg = Ad-Hoc|iPhone
		{9352DC9E-10BE-4155-8625-2CF4D6C0F707}.Ad-Hoc|x86.ActiveCfg = Ad-Hoc|iPhone
		{9352DC9E-10BE-4155-8625-2CF4D6C0F707}.AppStore|Any CPU.ActiveCfg = AppStore|iPhone
		{9352DC9E-10BE-4155-8625-2CF4D6C0F707}.AppStore|ARM.ActiveCfg = AppStore|iPhone
		{9352DC9E-10BE-4155-8625-2CF4D6C0F707}.AppStore|iPhone.ActiveCfg = AppStore|iPhone
		{9352DC9E-10BE-4155-8625-2CF4D6C0F707}.AppStore|iPhone.Build.0 = AppStore|iPhone
		{9352DC9E-10BE-4155-8625-2CF4D6C0F707}.AppStore|iPhoneSimulator.ActiveCfg = AppStore|iPhoneSimulator
		{9352DC9E-10BE-4155-8625-2CF4D6C0F707}.AppStore|iPhoneSimulator.Build.0 = AppStore|iPhoneSimulator
		{9352DC9E-10BE-4155-8625-2CF4D6C0F707}.AppStore|x64.ActiveCfg = AppStore|iPhone
		{9352DC9E-10BE-4155-8625-2CF4D6C0F707}.AppStore|x86.ActiveCfg = AppStore|iPhone
		{9352DC9E-10BE-4155-8625-2CF4D6C0F707}.Debug|Any CPU.ActiveCfg = Debug|iPhone
		{9352DC9E-10BE-4155-8625-2CF4D6C0F707}.Debug|ARM.ActiveCfg = Debug|iPhone
		{9352DC9E-10BE-4155-8625-2CF4D6C0F707}.Debug|iPhone.ActiveCfg = Debug|iPhone
		{9352DC9E-10BE-4155-8625-2CF4D6C0F707}.Debug|iPhone.Build.0 = Debug|iPhone
		{9352DC9E-10BE-4155-8625-2CF4D6C0F707}.Debug|iPhoneSimulator.ActiveCfg = Debug|iPhoneSimulator
		{9352DC9E-10BE-4155-8625-2CF4D6C0F707}.Debug|iPhoneSimulator.Build.0 = Debug|iPhoneSimulator
		{9352DC9E-10BE-4155-8625-2CF4D6C0F707}.Debug|x64.ActiveCfg = Debug|iPhone
		{9352DC9E-10BE-4155-8625-2CF4D6C0F707}.Debug|x86.ActiveCfg = Debug|iPhone
		{9352DC9E-10BE-4155-8625-2CF4D6C0F707}.Release|Any CPU.ActiveCfg = Release|iPhone
		{9352DC9E-10BE-4155-8625-2CF4D6C0F707}.Release|ARM.ActiveCfg = Release|iPhone
		{9352DC9E-10BE-4155-8625-2CF4D6C0F707}.Release|iPhone.ActiveCfg = Release|iPhone
		{9352DC9E-10BE-4155-8625-2CF4D6C0F707}.Release|iPhone.Build.0 = Release|iPhone
		{9352DC9E-10BE-4155-8625-2CF4D6C0F707}.Release|iPhoneSimulator.ActiveCfg = Release|iPhoneSimulator
		{9352DC9E-10BE-4155-8625-2CF4D6C0F707}.Release|iPhoneSimulator.Build.0 = Release|iPhoneSimulator
		{9352DC9E-10BE-4155-8625-2CF4D6C0F707}.Release|x64.ActiveCfg = Release|iPhone
		{9352DC9E-10BE-4155-8625-2CF4D6C0F707}.Release|x86.ActiveCfg = Release|iPhone
		{6A936A27-C834-44EB-A667-43A320198620}.Ad-Hoc|Any CPU.ActiveCfg = Release|x86
		{6A936A27-C834-44EB-A667-43A320198620}.Ad-Hoc|ARM.ActiveCfg = Release|ARM
		{6A936A27-C834-44EB-A667-43A320198620}.Ad-Hoc|ARM.Build.0 = Release|ARM
		{6A936A27-C834-44EB-A667-43A320198620}.Ad-Hoc|ARM.Deploy.0 = Release|ARM
		{6A936A27-C834-44EB-A667-43A320198620}.Ad-Hoc|iPhone.ActiveCfg = Release|x86
		{6A936A27-C834-44EB-A667-43A320198620}.Ad-Hoc|iPhoneSimulator.ActiveCfg = Release|x86
		{6A936A27-C834-44EB-A667-43A320198620}.Ad-Hoc|x64.ActiveCfg = Release|x64
		{6A936A27-C834-44EB-A667-43A320198620}.Ad-Hoc|x64.Build.0 = Release|x64
		{6A936A27-C834-44EB-A667-43A320198620}.Ad-Hoc|x64.Deploy.0 = Release|x64
		{6A936A27-C834-44EB-A667-43A320198620}.Ad-Hoc|x86.ActiveCfg = Release|x86
		{6A936A27-C834-44EB-A667-43A320198620}.Ad-Hoc|x86.Build.0 = Release|x86
		{6A936A27-C834-44EB-A667-43A320198620}.Ad-Hoc|x86.Deploy.0 = Release|x86
		{6A936A27-C834-44EB-A667-43A320198620}.AppStore|Any CPU.ActiveCfg = Release|x86
		{6A936A27-C834-44EB-A667-43A320198620}.AppStore|ARM.ActiveCfg = Release|ARM
		{6A936A27-C834-44EB-A667-43A320198620}.AppStore|ARM.Build.0 = Release|ARM
		{6A936A27-C834-44EB-A667-43A320198620}.AppStore|ARM.Deploy.0 = Release|ARM
		{6A936A27-C834-44EB-A667-43A320198620}.AppStore|iPhone.ActiveCfg = Release|x86
		{6A936A27-C834-44EB-A667-43A320198620}.AppStore|iPhoneSimulator.ActiveCfg = Release|x86
		{6A936A27-C834-44EB-A667-43A320198620}.AppStore|x64.ActiveCfg = Release|x64
		{6A936A27-C834-44EB-A667-43A320198620}.AppStore|x64.Build.0 = Release|x64
		{6A936A27-C834-44EB-A667-43A320198620}.AppStore|x64.Deploy.0 = Release|x64
		{6A936A27-C834-44EB-A667-43A320198620}.AppStore|x86.ActiveCfg = Release|x86
		{6A936A27-C834-44EB-A667-43A320198620}.AppStore|x86.Build.0 = Release|x86
		{6A936A27-C834-44EB-A667-43A320198620}.AppStore|x86.Deploy.0 = Release|x86
		{6A936A27-C834-44EB-A667-43A320198620}.Debug|Any CPU.ActiveCfg = Debug|x86
		{6A936A27-C834-44EB-A667-43A320198620}.Debug|ARM.ActiveCfg = Debug|ARM
		{6A936A27-C834-44EB-A667-43A320198620}.Debug|ARM.Build.0 = Debug|ARM
		{6A936A27-C834-44EB-A667-43A320198620}.Debug|ARM.Deploy.0 = Debug|ARM
		{6A936A27-C834-44EB-A667-43A320198620}.Debug|iPhone.ActiveCfg = Debug|x86
		{6A936A27-C834-44EB-A667-43A320198620}.Debug|iPhoneSimulator.ActiveCfg = Debug|x86
		{6A936A27-C834-44EB-A667-43A320198620}.Debug|x64.ActiveCfg = Debug|x64
		{6A936A27-C834-44EB-A667-43A320198620}.Debug|x64.Build.0 = Debug|x64
		{6A936A27-C834-44EB-A667-43A320198620}.Debug|x64.Deploy.0 = Debug|x64
		{6A936A27-C834-44EB-A667-43A320198620}.Debug|x86.ActiveCfg = Debug|x86
		{6A936A27-C834-44EB-A667-43A320198620}.Debug|x86.Build.0 = Debug|x86
		{6A936A27-C834-44EB-A667-43A320198620}.Debug|x86.Deploy.0 = Debug|x86
		{6A936A27-C834-44EB-A667-43A320198620}.Release|Any CPU.ActiveCfg = Release|x86
		{6A936A27-C834-44EB-A667-43A320198620}.Release|ARM.ActiveCfg = Release|ARM
		{6A936A27-C834-44EB-A667-43A320198620}.Release|ARM.Build.0 = Release|ARM
		{6A936A27-C834-44EB-A667-43A320198620}.Release|ARM.Deploy.0 = Release|ARM
		{6A936A27-C834-44EB-A667-43A320198620}.Release|iPhone.ActiveCfg = Release|x86
		{6A936A27-C834-44EB-A667-43A320198620}.Release|iPhoneSimulator.ActiveCfg = Release|x86
		{6A936A27-C834-44EB-A667-43A320198620}.Release|x64.ActiveCfg = Release|x64
		{6A936A27-C834-44EB-A667-43A320198620}.Release|x64.Build.0 = Release|x64
		{6A936A27-C834-44EB-A667-43A320198620}.Release|x64.Deploy.0 = Release|x64
		{6A936A27-C834-44EB-A667-43A320198620}.Release|x86.ActiveCfg = Release|x86
		{6A936A27-C834-44EB-A667-43A320198620}.Release|x86.Build.0 = Release|x86
		{6A936A27-C834-44EB-A667-43A320198620}.Release|x86.Deploy.0 = Release|x86
		{3E8ED27A-DD6A-4C72-A721-09D2F67FBB8F}.Ad-Hoc|Any CPU.ActiveCfg = Debug|Any CPU
		{3E8ED27A-DD6A-4C72-A721-09D2F67FBB8F}.Ad-Hoc|Any CPU.Build.0 = Debug|Any CPU
		{3E8ED27A-DD6A-4C72-A721-09D2F67FBB8F}.Ad-Hoc|ARM.ActiveCfg = Debug|Any CPU
		{3E8ED27A-DD6A-4C72-A721-09D2F67FBB8F}.Ad-Hoc|ARM.Build.0 = Debug|Any CPU
		{3E8ED27A-DD6A-4C72-A721-09D2F67FBB8F}.Ad-Hoc|iPhone.ActiveCfg = Debug|Any CPU
		{3E8ED27A-DD6A-4C72-A721-09D2F67FBB8F}.Ad-Hoc|iPhone.Build.0 = Debug|Any CPU
		{3E8ED27A-DD6A-4C72-A721-09D2F67FBB8F}.Ad-Hoc|iPhoneSimulator.ActiveCfg = Debug|Any CPU
		{3E8ED27A-DD6A-4C72-A721-09D2F67FBB8F}.Ad-Hoc|iPhoneSimulator.Build.0 = Debug|Any CPU
		{3E8ED27A-DD6A-4C72-A721-09D2F67FBB8F}.Ad-Hoc|x64.ActiveCfg = Debug|Any CPU
		{3E8ED27A-DD6A-4C72-A721-09D2F67FBB8F}.Ad-Hoc|x64.Build.0 = Debug|Any CPU
		{3E8ED27A-DD6A-4C72-A721-09D2F67FBB8F}.Ad-Hoc|x86.ActiveCfg = Debug|Any CPU
		{3E8ED27A-DD6A-4C72-A721-09D2F67FBB8F}.Ad-Hoc|x86.Build.0 = Debug|Any CPU
		{3E8ED27A-DD6A-4C72-A721-09D2F67FBB8F}.AppStore|Any CPU.ActiveCfg = Debug|Any CPU
		{3E8ED27A-DD6A-4C72-A721-09D2F67FBB8F}.AppStore|Any CPU.Build.0 = Debug|Any CPU
		{3E8ED27A-DD6A-4C72-A721-09D2F67FBB8F}.AppStore|ARM.ActiveCfg = Debug|Any CPU
		{3E8ED27A-DD6A-4C72-A721-09D2F67FBB8F}.AppStore|ARM.Build.0 = Debug|Any CPU
		{3E8ED27A-DD6A-4C72-A721-09D2F67FBB8F}.AppStore|iPhone.ActiveCfg = Debug|Any CPU
		{3E8ED27A-DD6A-4C72-A721-09D2F67FBB8F}.AppStore|iPhone.Build.0 = Debug|Any CPU
		{3E8ED27A-DD6A-4C72-A721-09D2F67FBB8F}.AppStore|iPhoneSimulator.ActiveCfg = Debug|Any CPU
		{3E8ED27A-DD6A-4C72-A721-09D2F67FBB8F}.AppStore|iPhoneSimulator.Build.0 = Debug|Any CPU
		{3E8ED27A-DD6A-4C72-A721-09D2F67FBB8F}.AppStore|x64.ActiveCfg = Debug|Any CPU
		{3E8ED27A-DD6A-4C72-A721-09D2F67FBB8F}.AppStore|x64.Build.0 = Debug|Any CPU
		{3E8ED27A-DD6A-4C72-A721-09D2F67FBB8F}.AppStore|x86.ActiveCfg = Debug|Any CPU
		{3E8ED27A-DD6A-4C72-A721-09D2F67FBB8F}.AppStore|x86.Build.0 = Debug|Any CPU
		{3E8ED27A-DD6A-4C72-A721-09D2F67FBB8F}.Debug|Any CPU.ActiveCfg = Debug|Any CPU
		{3E8ED27A-DD6A-4C72-A721-09D2F67FBB8F}.Debug|Any CPU.Build.0 = Debug|Any CPU
		{3E8ED27A-DD6A-4C72-A721-09D2F67FBB8F}.Debug|ARM.ActiveCfg = Debug|Any CPU
		{3E8ED27A-DD6A-4C72-A721-09D2F67FBB8F}.Debug|ARM.Build.0 = Debug|Any CPU
		{3E8ED27A-DD6A-4C72-A721-09D2F67FBB8F}.Debug|iPhone.ActiveCfg = Debug|Any CPU
		{3E8ED27A-DD6A-4C72-A721-09D2F67FBB8F}.Debug|iPhone.Build.0 = Debug|Any CPU
		{3E8ED27A-DD6A-4C72-A721-09D2F67FBB8F}.Debug|iPhoneSimulator.ActiveCfg = Debug|Any CPU
		{3E8ED27A-DD6A-4C72-A721-09D2F67FBB8F}.Debug|iPhoneSimulator.Build.0 = Debug|Any CPU
		{3E8ED27A-DD6A-4C72-A721-09D2F67FBB8F}.Debug|x64.ActiveCfg = Debug|Any CPU
		{3E8ED27A-DD6A-4C72-A721-09D2F67FBB8F}.Debug|x64.Build.0 = Debug|Any CPU
		{3E8ED27A-DD6A-4C72-A721-09D2F67FBB8F}.Debug|x86.ActiveCfg = Debug|Any CPU
		{3E8ED27A-DD6A-4C72-A721-09D2F67FBB8F}.Debug|x86.Build.0 = Debug|Any CPU
		{3E8ED27A-DD6A-4C72-A721-09D2F67FBB8F}.Release|Any CPU.ActiveCfg = Release|Any CPU
		{3E8ED27A-DD6A-4C72-A721-09D2F67FBB8F}.Release|Any CPU.Build.0 = Release|Any CPU
		{3E8ED27A-DD6A-4C72-A721-09D2F67FBB8F}.Release|ARM.ActiveCfg = Release|Any CPU
		{3E8ED27A-DD6A-4C72-A721-09D2F67FBB8F}.Release|ARM.Build.0 = Release|Any CPU
		{3E8ED27A-DD6A-4C72-A721-09D2F67FBB8F}.Release|iPhone.ActiveCfg = Release|Any CPU
		{3E8ED27A-DD6A-4C72-A721-09D2F67FBB8F}.Release|iPhone.Build.0 = Release|Any CPU
		{3E8ED27A-DD6A-4C72-A721-09D2F67FBB8F}.Release|iPhoneSimulator.ActiveCfg = Release|Any CPU
		{3E8ED27A-DD6A-4C72-A721-09D2F67FBB8F}.Release|iPhoneSimulator.Build.0 = Release|Any CPU
		{3E8ED27A-DD6A-4C72-A721-09D2F67FBB8F}.Release|x64.ActiveCfg = Release|Any CPU
		{3E8ED27A-DD6A-4C72-A721-09D2F67FBB8F}.Release|x64.Build.0 = Release|Any CPU
		{3E8ED27A-DD6A-4C72-A721-09D2F67FBB8F}.Release|x86.ActiveCfg = Release|Any CPU
		{3E8ED27A-DD6A-4C72-A721-09D2F67FBB8F}.Release|x86.Build.0 = Release|Any CPU
	EndGlobalSection
	GlobalSection(SolutionProperties) = preSolution
		HideSolutionNode = FALSE
	EndGlobalSection
	GlobalSection(ExtensibilityGlobals) = postSolution
		SolutionGuid = {9B5B45A4-41A6-43DF-9CDA-1D98F6D8861F}
	EndGlobalSection
EndGlobal
