
Microsoft Visual Studio Solution File, Format Version 12.00
# Visual Studio 15
VisualStudioVersion = 15.0.27428.1
MinimumVisualStudioVersion = 10.0.40219.1
Project("{FAE04EC0-301F-11D3-BF4B-00C04F79EFBC}") = "App02_TipoPaginaXF.Android", "App02_TipoPaginaXF\App02_TipoPaginaXF.Android\App02_TipoPaginaXF.Android.csproj", "{5384217E-E411-4724-83A9-9EF945EEA70B}"
EndProject
Project("{FAE04EC0-301F-11D3-BF4B-00C04F79EFBC}") = "App02_TipoPaginaXF.iOS", "App02_TipoPaginaXF\App02_TipoPaginaXF.iOS\App02_TipoPaginaXF.iOS.csproj", "{EA793B16-2DD1-41CB-839B-0EF4A1606ACE}"
EndProject
Project("{FAE04EC0-301F-11D3-BF4B-00C04F79EFBC}") = "App02_TipoPaginaXF.UWP", "App02_TipoPaginaXF\App02_TipoPaginaXF.UWP\App02_TipoPaginaXF.UWP.csproj", "{702B4BB2-8BE2-45D7-BE13-A6917C1825B0}"
EndProject
Project("{FAE04EC0-301F-11D3-BF4B-00C04F79EFBC}") = "App02_TipoPaginaXF", "App02_TipoPaginaXF\App02_TipoPaginaXF\App02_TipoPaginaXF.csproj", "{0CBE976A-3FF3-4F1A-88DF-78D46142F43E}"
EndProject
Global
	GlobalSection(SolutionConfigurationPlatforms) = preSolution
		Ad-Hoc|Any CPU = Ad-Hoc|Any CPU
		Ad-Hoc|ARM = Ad-Hoc|ARM
		Ad-Hoc|iPhone = Ad-Hoc|iPhone
		Ad-Hoc|iPhoneSimulator = Ad-Hoc|iPhoneSimulator
		Ad-Hoc|x64 = Ad-Hoc|x64
		Ad-Hoc|x86 = Ad-Hoc|x86
		AppStore|Any CPU = AppStore|Any CPU
		AppStore|ARM = AppStore|ARM
		AppStore|iPhone = AppStore|iPhone
		AppStore|iPhoneSimulator = AppStore|iPhoneSimulator
		AppStore|x64 = AppStore|x64
		AppStore|x86 = AppStore|x86
		Debug|Any CPU = Debug|Any CPU
		Debug|ARM = Debug|ARM
		Debug|iPhone = Debug|iPhone
		Debug|iPhoneSimulator = Debug|iPhoneSimulator
		Debug|x64 = Debug|x64
		Debug|x86 = Debug|x86
		Release|Any CPU = Release|Any CPU
		Release|ARM = Release|ARM
		Release|iPhone = Release|iPhone
		Release|iPhoneSimulator = Release|iPhoneSimulator
		Release|x64 = Release|x64
		Release|x86 = Release|x86
	EndGlobalSection
	GlobalSection(ProjectConfigurationPlatforms) = postSolution
		{5384217E-E411-4724-83A9-9EF945EEA70B}.Ad-Hoc|Any CPU.ActiveCfg = Release|Any CPU
		{5384217E-E411-4724-83A9-9EF945EEA70B}.Ad-Hoc|Any CPU.Build.0 = Release|Any CPU
		{5384217E-E411-4724-83A9-9EF945EEA70B}.Ad-Hoc|Any CPU.Deploy.0 = Release|Any CPU
		{5384217E-E411-4724-83A9-9EF945EEA70B}.Ad-Hoc|ARM.ActiveCfg = Release|Any CPU
		{5384217E-E411-4724-83A9-9EF945EEA70B}.Ad-Hoc|ARM.Build.0 = Release|Any CPU
		{5384217E-E411-4724-83A9-9EF945EEA70B}.Ad-Hoc|ARM.Deploy.0 = Release|Any CPU
		{5384217E-E411-4724-83A9-9EF945EEA70B}.Ad-Hoc|iPhone.ActiveCfg = Release|Any CPU
		{5384217E-E411-4724-83A9-9EF945EEA70B}.Ad-Hoc|iPhone.Build.0 = Release|Any CPU
		{5384217E-E411-4724-83A9-9EF945EEA70B}.Ad-Hoc|iPhone.Deploy.0 = Release|Any CPU
		{5384217E-E411-4724-83A9-9EF945EEA70B}.Ad-Hoc|iPhoneSimulator.ActiveCfg = Release|Any CPU
		{5384217E-E411-4724-83A9-9EF945EEA70B}.Ad-Hoc|iPhoneSimulator.Build.0 = Release|Any CPU
		{5384217E-E411-4724-83A9-9EF945EEA70B}.Ad-Hoc|iPhoneSimulator.Deploy.0 = Release|Any CPU
		{5384217E-E411-4724-83A9-9EF945EEA70B}.Ad-Hoc|x64.ActiveCfg = Release|Any CPU
		{5384217E-E411-4724-83A9-9EF945EEA70B}.Ad-Hoc|x64.Build.0 = Release|Any CPU
		{5384217E-E411-4724-83A9-9EF945EEA70B}.Ad-Hoc|x64.Deploy.0 = Release|Any CPU
		{5384217E-E411-4724-83A9-9EF945EEA70B}.Ad-Hoc|x86.ActiveCfg = Release|Any CPU
		{5384217E-E411-4724-83A9-9EF945EEA70B}.Ad-Hoc|x86.Build.0 = Release|Any CPU
		{5384217E-E411-4724-83A9-9EF945EEA70B}.Ad-Hoc|x86.Deploy.0 = Release|Any CPU
		{5384217E-E411-4724-83A9-9EF945EEA70B}.AppStore|Any CPU.ActiveCfg = Release|Any CPU
		{5384217E-E411-4724-83A9-9EF945EEA70B}.AppStore|Any CPU.Build.0 = Release|Any CPU
		{5384217E-E411-4724-83A9-9EF945EEA70B}.AppStore|Any CPU.Deploy.0 = Release|Any CPU
		{5384217E-E411-4724-83A9-9EF945EEA70B}.AppStore|ARM.ActiveCfg = Release|Any CPU
		{5384217E-E411-4724-83A9-9EF945EEA70B}.AppStore|ARM.Build.0 = Release|Any CPU
		{5384217E-E411-4724-83A9-9EF945EEA70B}.AppStore|ARM.Deploy.0 = Release|Any CPU
		{5384217E-E411-4724-83A9-9EF945EEA70B}.AppStore|iPhone.ActiveCfg = Release|Any CPU
		{5384217E-E411-4724-83A9-9EF945EEA70B}.AppStore|iPhone.Build.0 = Release|Any CPU
		{5384217E-E411-4724-83A9-9EF945EEA70B}.AppStore|iPhone.Deploy.0 = Release|Any CPU
		{5384217E-E411-4724-83A9-9EF945EEA70B}.AppStore|iPhoneSimulator.ActiveCfg = Release|Any CPU
		{5384217E-E411-4724-83A9-9EF945EEA70B}.AppStore|iPhoneSimulator.Build.0 = Release|Any CPU
		{5384217E-E411-4724-83A9-9EF945EEA70B}.AppStore|iPhoneSimulator.Deploy.0 = Release|Any CPU
		{5384217E-E411-4724-83A9-9EF945EEA70B}.AppStore|x64.ActiveCfg = Release|Any CPU
		{5384217E-E411-4724-83A9-9EF945EEA70B}.AppStore|x64.Build.0 = Release|Any CPU
		{5384217E-E411-4724-83A9-9EF945EEA70B}.AppStore|x64.Deploy.0 = Release|Any CPU
		{5384217E-E411-4724-83A9-9EF945EEA70B}.AppStore|x86.ActiveCfg = Release|Any CPU
		{5384217E-E411-4724-83A9-9EF945EEA70B}.AppStore|x86.Build.0 = Release|Any CPU
		{5384217E-E411-4724-83A9-9EF945EEA70B}.AppStore|x86.Deploy.0 = Release|Any CPU
		{5384217E-E411-4724-83A9-9EF945EEA70B}.Debug|Any CPU.ActiveCfg = Debug|Any CPU
		{5384217E-E411-4724-83A9-9EF945EEA70B}.Debug|Any CPU.Build.0 = Debug|Any CPU
		{5384217E-E411-4724-83A9-9EF945EEA70B}.Debug|Any CPU.Deploy.0 = Debug|Any CPU
		{5384217E-E411-4724-83A9-9EF945EEA70B}.Debug|ARM.ActiveCfg = Debug|Any CPU
		{5384217E-E411-4724-83A9-9EF945EEA70B}.Debug|ARM.Build.0 = Debug|Any CPU
		{5384217E-E411-4724-83A9-9EF945EEA70B}.Debug|ARM.Deploy.0 = Debug|Any CPU
		{5384217E-E411-4724-83A9-9EF945EEA70B}.Debug|iPhone.ActiveCfg = Debug|Any CPU
		{5384217E-E411-4724-83A9-9EF945EEA70B}.Debug|iPhone.Build.0 = Debug|Any CPU
		{5384217E-E411-4724-83A9-9EF945EEA70B}.Debug|iPhone.Deploy.0 = Debug|Any CPU
		{5384217E-E411-4724-83A9-9EF945EEA70B}.Debug|iPhoneSimulator.ActiveCfg = Debug|Any CPU
		{5384217E-E411-4724-83A9-9EF945EEA70B}.Debug|iPhoneSimulator.Build.0 = Debug|Any CPU
		{5384217E-E411-4724-83A9-9EF945EEA70B}.Debug|iPhoneSimulator.Deploy.0 = Debug|Any CPU
		{5384217E-E411-4724-83A9-9EF945EEA70B}.Debug|x64.ActiveCfg = Debug|Any CPU
		{5384217E-E411-4724-83A9-9EF945EEA70B}.Debug|x64.Build.0 = Debug|Any CPU
		{5384217E-E411-4724-83A9-9EF945EEA70B}.Debug|x64.Deploy.0 = Debug|Any CPU
		{5384217E-E411-4724-83A9-9EF945EEA70B}.Debug|x86.ActiveCfg = Debug|Any CPU
		{5384217E-E411-4724-83A9-9EF945EEA70B}.Debug|x86.Build.0 = Debug|Any CPU
		{5384217E-E411-4724-83A9-9EF945EEA70B}.Debug|x86.Deploy.0 = Debug|Any CPU
		{5384217E-E411-4724-83A9-9EF945EEA70B}.Release|Any CPU.ActiveCfg = Release|Any CPU
		{5384217E-E411-4724-83A9-9EF945EEA70B}.Release|Any CPU.Build.0 = Release|Any CPU
		{5384217E-E411-4724-83A9-9EF945EEA70B}.Release|Any CPU.Deploy.0 = Release|Any CPU
		{5384217E-E411-4724-83A9-9EF945EEA70B}.Release|ARM.ActiveCfg = Release|Any CPU
		{5384217E-E411-4724-83A9-9EF945EEA70B}.Release|ARM.Build.0 = Release|Any CPU
		{5384217E-E411-4724-83A9-9EF945EEA70B}.Release|ARM.Deploy.0 = Release|Any CPU
		{5384217E-E411-4724-83A9-9EF945EEA70B}.Release|iPhone.ActiveCfg = Release|Any CPU
		{5384217E-E411-4724-83A9-9EF945EEA70B}.Release|iPhone.Build.0 = Release|Any CPU
		{5384217E-E411-4724-83A9-9EF945EEA70B}.Release|iPhone.Deploy.0 = Release|Any CPU
		{5384217E-E411-4724-83A9-9EF945EEA70B}.Release|iPhoneSimulator.ActiveCfg = Release|Any CPU
		{5384217E-E411-4724-83A9-9EF945EEA70B}.Release|iPhoneSimulator.Build.0 = Release|Any CPU
		{5384217E-E411-4724-83A9-9EF945EEA70B}.Release|iPhoneSimulator.Deploy.0 = Release|Any CPU
		{5384217E-E411-4724-83A9-9EF945EEA70B}.Release|x64.ActiveCfg = Release|Any CPU
		{5384217E-E411-4724-83A9-9EF945EEA70B}.Release|x64.Build.0 = Release|Any CPU
		{5384217E-E411-4724-83A9-9EF945EEA70B}.Release|x64.Deploy.0 = Release|Any CPU
		{5384217E-E411-4724-83A9-9EF945EEA70B}.Release|x86.ActiveCfg = Release|Any CPU
		{5384217E-E411-4724-83A9-9EF945EEA70B}.Release|x86.Build.0 = Release|Any CPU
		{5384217E-E411-4724-83A9-9EF945EEA70B}.Release|x86.Deploy.0 = Release|Any CPU
		{EA793B16-2DD1-41CB-839B-0EF4A1606ACE}.Ad-Hoc|Any CPU.ActiveCfg = Ad-Hoc|iPhone
		{EA793B16-2DD1-41CB-839B-0EF4A1606ACE}.Ad-Hoc|ARM.ActiveCfg = Ad-Hoc|iPhone
		{EA793B16-2DD1-41CB-839B-0EF4A1606ACE}.Ad-Hoc|iPhone.ActiveCfg = Ad-Hoc|iPhone
		{EA793B16-2DD1-41CB-839B-0EF4A1606ACE}.Ad-Hoc|iPhone.Build.0 = Ad-Hoc|iPhone
		{EA793B16-2DD1-41CB-839B-0EF4A1606ACE}.Ad-Hoc|iPhoneSimulator.ActiveCfg = Ad-Hoc|iPhoneSimulator
		{EA793B16-2DD1-41CB-839B-0EF4A1606ACE}.Ad-Hoc|iPhoneSimulator.Build.0 = Ad-Hoc|iPhoneSimulator
		{EA793B16-2DD1-41CB-839B-0EF4A1606ACE}.Ad-Hoc|x64.ActiveCfg = Ad-Hoc|iPhone
		{EA793B16-2DD1-41CB-839B-0EF4A1606ACE}.Ad-Hoc|x86.ActiveCfg = Ad-Hoc|iPhone
		{EA793B16-2DD1-41CB-839B-0EF4A1606ACE}.AppStore|Any CPU.ActiveCfg = AppStore|iPhone
		{EA793B16-2DD1-41CB-839B-0EF4A1606ACE}.AppStore|ARM.ActiveCfg = AppStore|iPhone
		{EA793B16-2DD1-41CB-839B-0EF4A1606ACE}.AppStore|iPhone.ActiveCfg = AppStore|iPhone
		{EA793B16-2DD1-41CB-839B-0EF4A1606ACE}.AppStore|iPhone.Build.0 = AppStore|iPhone
		{EA793B16-2DD1-41CB-839B-0EF4A1606ACE}.AppStore|iPhoneSimulator.ActiveCfg = AppStore|iPhoneSimulator
		{EA793B16-2DD1-41CB-839B-0EF4A1606ACE}.AppStore|iPhoneSimulator.Build.0 = AppStore|iPhoneSimulator
		{EA793B16-2DD1-41CB-839B-0EF4A1606ACE}.AppStore|x64.ActiveCfg = AppStore|iPhone
		{EA793B16-2DD1-41CB-839B-0EF4A1606ACE}.AppStore|x86.ActiveCfg = AppStore|iPhone
		{EA793B16-2DD1-41CB-839B-0EF4A1606ACE}.Debug|Any CPU.ActiveCfg = Debug|iPhone
		{EA793B16-2DD1-41CB-839B-0EF4A1606ACE}.Debug|ARM.ActiveCfg = Debug|iPhone
		{EA793B16-2DD1-41CB-839B-0EF4A1606ACE}.Debug|iPhone.ActiveCfg = Debug|iPhone
		{EA793B16-2DD1-41CB-839B-0EF4A1606ACE}.Debug|iPhone.Build.0 = Debug|iPhone
		{EA793B16-2DD1-41CB-839B-0EF4A1606ACE}.Debug|iPhoneSimulator.ActiveCfg = Debug|iPhoneSimulator
		{EA793B16-2DD1-41CB-839B-0EF4A1606ACE}.Debug|iPhoneSimulator.Build.0 = Debug|iPhoneSimulator
		{EA793B16-2DD1-41CB-839B-0EF4A1606ACE}.Debug|x64.ActiveCfg = Debug|iPhone
		{EA793B16-2DD1-41CB-839B-0EF4A1606ACE}.Debug|x86.ActiveCfg = Debug|iPhone
		{EA793B16-2DD1-41CB-839B-0EF4A1606ACE}.Release|Any CPU.ActiveCfg = Release|iPhone
		{EA793B16-2DD1-41CB-839B-0EF4A1606ACE}.Release|ARM.ActiveCfg = Release|iPhone
		{EA793B16-2DD1-41CB-839B-0EF4A1606ACE}.Release|iPhone.ActiveCfg = Release|iPhone
		{EA793B16-2DD1-41CB-839B-0EF4A1606ACE}.Release|iPhone.Build.0 = Release|iPhone
		{EA793B16-2DD1-41CB-839B-0EF4A1606ACE}.Release|iPhoneSimulator.ActiveCfg = Release|iPhoneSimulator
		{EA793B16-2DD1-41CB-839B-0EF4A1606ACE}.Release|iPhoneSimulator.Build.0 = Release|iPhoneSimulator
		{EA793B16-2DD1-41CB-839B-0EF4A1606ACE}.Release|x64.ActiveCfg = Release|iPhone
		{EA793B16-2DD1-41CB-839B-0EF4A1606ACE}.Release|x86.ActiveCfg = Release|iPhone
		{702B4BB2-8BE2-45D7-BE13-A6917C1825B0}.Ad-Hoc|Any CPU.ActiveCfg = Release|x86
		{702B4BB2-8BE2-45D7-BE13-A6917C1825B0}.Ad-Hoc|Any CPU.Build.0 = Release|x86
		{702B4BB2-8BE2-45D7-BE13-A6917C1825B0}.Ad-Hoc|Any CPU.Deploy.0 = Release|x86
		{702B4BB2-8BE2-45D7-BE13-A6917C1825B0}.Ad-Hoc|ARM.ActiveCfg = Release|ARM
		{702B4BB2-8BE2-45D7-BE13-A6917C1825B0}.Ad-Hoc|ARM.Build.0 = Release|ARM
		{702B4BB2-8BE2-45D7-BE13-A6917C1825B0}.Ad-Hoc|ARM.Deploy.0 = Release|ARM
		{702B4BB2-8BE2-45D7-BE13-A6917C1825B0}.Ad-Hoc|iPhone.ActiveCfg = Release|x86
		{702B4BB2-8BE2-45D7-BE13-A6917C1825B0}.Ad-Hoc|iPhone.Build.0 = Release|x86
		{702B4BB2-8BE2-45D7-BE13-A6917C1825B0}.Ad-Hoc|iPhone.Deploy.0 = Release|x86
		{702B4BB2-8BE2-45D7-BE13-A6917C1825B0}.Ad-Hoc|iPhoneSimulator.ActiveCfg = Release|x86
		{702B4BB2-8BE2-45D7-BE13-A6917C1825B0}.Ad-Hoc|iPhoneSimulator.Build.0 = Release|x86
		{702B4BB2-8BE2-45D7-BE13-A6917C1825B0}.Ad-Hoc|iPhoneSimulator.Deploy.0 = Release|x86
		{702B4BB2-8BE2-45D7-BE13-A6917C1825B0}.Ad-Hoc|x64.ActiveCfg = Release|x64
		{702B4BB2-8BE2-45D7-BE13-A6917C1825B0}.Ad-Hoc|x64.Build.0 = Release|x64
		{702B4BB2-8BE2-45D7-BE13-A6917C1825B0}.Ad-Hoc|x64.Deploy.0 = Release|x64
		{702B4BB2-8BE2-45D7-BE13-A6917C1825B0}.Ad-Hoc|x86.ActiveCfg = Release|x86
		{702B4BB2-8BE2-45D7-BE13-A6917C1825B0}.Ad-Hoc|x86.Build.0 = Release|x86
		{702B4BB2-8BE2-45D7-BE13-A6917C1825B0}.Ad-Hoc|x86.Deploy.0 = Release|x86
		{702B4BB2-8BE2-45D7-BE13-A6917C1825B0}.AppStore|Any CPU.ActiveCfg = Release|x86
		{702B4BB2-8BE2-45D7-BE13-A6917C1825B0}.AppStore|Any CPU.Build.0 = Release|x86
		{702B4BB2-8BE2-45D7-BE13-A6917C1825B0}.AppStore|Any CPU.Deploy.0 = Release|x86
		{702B4BB2-8BE2-45D7-BE13-A6917C1825B0}.AppStore|ARM.ActiveCfg = Release|ARM
		{702B4BB2-8BE2-45D7-BE13-A6917C1825B0}.AppStore|ARM.Build.0 = Release|ARM
		{702B4BB2-8BE2-45D7-BE13-A6917C1825B0}.AppStore|ARM.Deploy.0 = Release|ARM
		{702B4BB2-8BE2-45D7-BE13-A6917C1825B0}.AppStore|iPhone.ActiveCfg = Release|x86
		{702B4BB2-8BE2-45D7-BE13-A6917C1825B0}.AppStore|iPhone.Build.0 = Release|x86
		{702B4BB2-8BE2-45D7-BE13-A6917C1825B0}.AppStore|iPhone.Deploy.0 = Release|x86
		{702B4BB2-8BE2-45D7-BE13-A6917C1825B0}.AppStore|iPhoneSimulator.ActiveCfg = Release|x86
		{702B4BB2-8BE2-45D7-BE13-A6917C1825B0}.AppStore|iPhoneSimulator.Build.0 = Release|x86
		{702B4BB2-8BE2-45D7-BE13-A6917C1825B0}.AppStore|iPhoneSimulator.Deploy.0 = Release|x86
		{702B4BB2-8BE2-45D7-BE13-A6917C1825B0}.AppStore|x64.ActiveCfg = Release|x64
		{702B4BB2-8BE2-45D7-BE13-A6917C1825B0}.AppStore|x64.Build.0 = Release|x64
		{702B4BB2-8BE2-45D7-BE13-A6917C1825B0}.AppStore|x64.Deploy.0 = Release|x64
		{702B4BB2-8BE2-45D7-BE13-A6917C1825B0}.AppStore|x86.ActiveCfg = Release|x86
		{702B4BB2-8BE2-45D7-BE13-A6917C1825B0}.AppStore|x86.Build.0 = Release|x86
		{702B4BB2-8BE2-45D7-BE13-A6917C1825B0}.AppStore|x86.Deploy.0 = Release|x86
		{702B4BB2-8BE2-45D7-BE13-A6917C1825B0}.Debug|Any CPU.ActiveCfg = Debug|x86
		{702B4BB2-8BE2-45D7-BE13-A6917C1825B0}.Debug|ARM.ActiveCfg = Debug|ARM
		{702B4BB2-8BE2-45D7-BE13-A6917C1825B0}.Debug|ARM.Build.0 = Debug|ARM
		{702B4BB2-8BE2-45D7-BE13-A6917C1825B0}.Debug|ARM.Deploy.0 = Debug|ARM
		{702B4BB2-8BE2-45D7-BE13-A6917C1825B0}.Debug|iPhone.ActiveCfg = Debug|x86
		{702B4BB2-8BE2-45D7-BE13-A6917C1825B0}.Debug|iPhoneSimulator.ActiveCfg = Debug|x86
		{702B4BB2-8BE2-45D7-BE13-A6917C1825B0}.Debug|x64.ActiveCfg = Debug|x64
		{702B4BB2-8BE2-45D7-BE13-A6917C1825B0}.Debug|x64.Build.0 = Debug|x64
		{702B4BB2-8BE2-45D7-BE13-A6917C1825B0}.Debug|x64.Deploy.0 = Debug|x64
		{702B4BB2-8BE2-45D7-BE13-A6917C1825B0}.Debug|x86.ActiveCfg = Debug|x86
		{702B4BB2-8BE2-45D7-BE13-A6917C1825B0}.Debug|x86.Build.0 = Debug|x86
		{702B4BB2-8BE2-45D7-BE13-A6917C1825B0}.Debug|x86.Deploy.0 = Debug|x86
		{702B4BB2-8BE2-45D7-BE13-A6917C1825B0}.Release|Any CPU.ActiveCfg = Release|x86
		{702B4BB2-8BE2-45D7-BE13-A6917C1825B0}.Release|ARM.ActiveCfg = Release|ARM
		{702B4BB2-8BE2-45D7-BE13-A6917C1825B0}.Release|ARM.Build.0 = Release|ARM
		{702B4BB2-8BE2-45D7-BE13-A6917C1825B0}.Release|ARM.Deploy.0 = Release|ARM
		{702B4BB2-8BE2-45D7-BE13-A6917C1825B0}.Release|iPhone.ActiveCfg = Release|x86
		{702B4BB2-8BE2-45D7-BE13-A6917C1825B0}.Release|iPhoneSimulator.ActiveCfg = Release|x86
		{702B4BB2-8BE2-45D7-BE13-A6917C1825B0}.Release|x64.ActiveCfg = Release|x64
		{702B4BB2-8BE2-45D7-BE13-A6917C1825B0}.Release|x64.Build.0 = Release|x64
		{702B4BB2-8BE2-45D7-BE13-A6917C1825B0}.Release|x64.Deploy.0 = Release|x64
		{702B4BB2-8BE2-45D7-BE13-A6917C1825B0}.Release|x86.ActiveCfg = Release|x86
		{702B4BB2-8BE2-45D7-BE13-A6917C1825B0}.Release|x86.Build.0 = Release|x86
		{702B4BB2-8BE2-45D7-BE13-A6917C1825B0}.Release|x86.Deploy.0 = Release|x86
		{0CBE976A-3FF3-4F1A-88DF-78D46142F43E}.Ad-Hoc|Any CPU.ActiveCfg = Debug|Any CPU
		{0CBE976A-3FF3-4F1A-88DF-78D46142F43E}.Ad-Hoc|Any CPU.Build.0 = Debug|Any CPU
		{0CBE976A-3FF3-4F1A-88DF-78D46142F43E}.Ad-Hoc|ARM.ActiveCfg = Debug|Any CPU
		{0CBE976A-3FF3-4F1A-88DF-78D46142F43E}.Ad-Hoc|ARM.Build.0 = Debug|Any CPU
		{0CBE976A-3FF3-4F1A-88DF-78D46142F43E}.Ad-Hoc|iPhone.ActiveCfg = Debug|Any CPU
		{0CBE976A-3FF3-4F1A-88DF-78D46142F43E}.Ad-Hoc|iPhone.Build.0 = Debug|Any CPU
		{0CBE976A-3FF3-4F1A-88DF-78D46142F43E}.Ad-Hoc|iPhoneSimulator.ActiveCfg = Debug|Any CPU
		{0CBE976A-3FF3-4F1A-88DF-78D46142F43E}.Ad-Hoc|iPhoneSimulator.Build.0 = Debug|Any CPU
		{0CBE976A-3FF3-4F1A-88DF-78D46142F43E}.Ad-Hoc|x64.ActiveCfg = Debug|Any CPU
		{0CBE976A-3FF3-4F1A-88DF-78D46142F43E}.Ad-Hoc|x64.Build.0 = Debug|Any CPU
		{0CBE976A-3FF3-4F1A-88DF-78D46142F43E}.Ad-Hoc|x86.ActiveCfg = Debug|Any CPU
		{0CBE976A-3FF3-4F1A-88DF-78D46142F43E}.Ad-Hoc|x86.Build.0 = Debug|Any CPU
		{0CBE976A-3FF3-4F1A-88DF-78D46142F43E}.AppStore|Any CPU.ActiveCfg = Debug|Any CPU
		{0CBE976A-3FF3-4F1A-88DF-78D46142F43E}.AppStore|Any CPU.Build.0 = Debug|Any CPU
		{0CBE976A-3FF3-4F1A-88DF-78D46142F43E}.AppStore|ARM.ActiveCfg = Debug|Any CPU
		{0CBE976A-3FF3-4F1A-88DF-78D46142F43E}.AppStore|ARM.Build.0 = Debug|Any CPU
		{0CBE976A-3FF3-4F1A-88DF-78D46142F43E}.AppStore|iPhone.ActiveCfg = Debug|Any CPU
		{0CBE976A-3FF3-4F1A-88DF-78D46142F43E}.AppStore|iPhone.Build.0 = Debug|Any CPU
		{0CBE976A-3FF3-4F1A-88DF-78D46142F43E}.AppStore|iPhoneSimulator.ActiveCfg = Debug|Any CPU
		{0CBE976A-3FF3-4F1A-88DF-78D46142F43E}.AppStore|iPhoneSimulator.Build.0 = Debug|Any CPU
		{0CBE976A-3FF3-4F1A-88DF-78D46142F43E}.AppStore|x64.ActiveCfg = Debug|Any CPU
		{0CBE976A-3FF3-4F1A-88DF-78D46142F43E}.AppStore|x64.Build.0 = Debug|Any CPU
		{0CBE976A-3FF3-4F1A-88DF-78D46142F43E}.AppStore|x86.ActiveCfg = Debug|Any CPU
		{0CBE976A-3FF3-4F1A-88DF-78D46142F43E}.AppStore|x86.Build.0 = Debug|Any CPU
		{0CBE976A-3FF3-4F1A-88DF-78D46142F43E}.Debug|Any CPU.ActiveCfg = Debug|Any CPU
		{0CBE976A-3FF3-4F1A-88DF-78D46142F43E}.Debug|Any CPU.Build.0 = Debug|Any CPU
		{0CBE976A-3FF3-4F1A-88DF-78D46142F43E}.Debug|ARM.ActiveCfg = Debug|Any CPU
		{0CBE976A-3FF3-4F1A-88DF-78D46142F43E}.Debug|ARM.Build.0 = Debug|Any CPU
		{0CBE976A-3FF3-4F1A-88DF-78D46142F43E}.Debug|iPhone.ActiveCfg = Debug|Any CPU
		{0CBE976A-3FF3-4F1A-88DF-78D46142F43E}.Debug|iPhone.Build.0 = Debug|Any CPU
		{0CBE976A-3FF3-4F1A-88DF-78D46142F43E}.Debug|iPhoneSimulator.ActiveCfg = Debug|Any CPU
		{0CBE976A-3FF3-4F1A-88DF-78D46142F43E}.Debug|iPhoneSimulator.Build.0 = Debug|Any CPU
		{0CBE976A-3FF3-4F1A-88DF-78D46142F43E}.Debug|x64.ActiveCfg = Debug|Any CPU
		{0CBE976A-3FF3-4F1A-88DF-78D46142F43E}.Debug|x64.Build.0 = Debug|Any CPU
		{0CBE976A-3FF3-4F1A-88DF-78D46142F43E}.Debug|x86.ActiveCfg = Debug|Any CPU
		{0CBE976A-3FF3-4F1A-88DF-78D46142F43E}.Debug|x86.Build.0 = Debug|Any CPU
		{0CBE976A-3FF3-4F1A-88DF-78D46142F43E}.Release|Any CPU.ActiveCfg = Release|Any CPU
		{0CBE976A-3FF3-4F1A-88DF-78D46142F43E}.Release|Any CPU.Build.0 = Release|Any CPU
		{0CBE976A-3FF3-4F1A-88DF-78D46142F43E}.Release|ARM.ActiveCfg = Release|Any CPU
		{0CBE976A-3FF3-4F1A-88DF-78D46142F43E}.Release|ARM.Build.0 = Release|Any CPU
		{0CBE976A-3FF3-4F1A-88DF-78D46142F43E}.Release|iPhone.ActiveCfg = Release|Any CPU
		{0CBE976A-3FF3-4F1A-88DF-78D46142F43E}.Release|iPhone.Build.0 = Release|Any CPU
		{0CBE976A-3FF3-4F1A-88DF-78D46142F43E}.Release|iPhoneSimulator.ActiveCfg = Release|Any CPU
		{0CBE976A-3FF3-4F1A-88DF-78D46142F43E}.Release|iPhoneSimulator.Build.0 = Release|Any CPU
		{0CBE976A-3FF3-4F1A-88DF-78D46142F43E}.Release|x64.ActiveCfg = Release|Any CPU
		{0CBE976A-3FF3-4F1A-88DF-78D46142F43E}.Release|x64.Build.0 = Release|Any CPU
		{0CBE976A-3FF3-4F1A-88DF-78D46142F43E}.Release|x86.ActiveCfg = Release|Any CPU
		{0CBE976A-3FF3-4F1A-88DF-78D46142F43E}.Release|x86.Build.0 = Release|Any CPU
	EndGlobalSection
	GlobalSection(SolutionProperties) = preSolution
		HideSolutionNode = FALSE
	EndGlobalSection
	GlobalSection(ExtensibilityGlobals) = postSolution
		SolutionGuid = {3AF33A1E-8E1A-4F67-89FC-E176BEE8598B}
	EndGlobalSection
EndGlobal
